// !$*UTF8*$!
{
	archiveVersion = 1;
	classes = {
	};
	objectVersion = 56;
	objects = {

/* Begin PBXBuildFile section */
		16A83D702A435D4D000D9C4F /* Hogevor_ErgerApp.swift in Sources */ = {isa = PBXBuildFile; fileRef = 16A83D6F2A435D4D000D9C4F /* Hogevor_ErgerApp.swift */; };
		16A83D722A435D4D000D9C4F /* ContentView.swift in Sources */ = {isa = PBXBuildFile; fileRef = 16A83D712A435D4D000D9C4F /* ContentView.swift */; };
		16A83D742A435D4F000D9C4F /* Assets.xcassets in Resources */ = {isa = PBXBuildFile; fileRef = 16A83D732A435D4F000D9C4F /* Assets.xcassets */; };
		16A83D772A435D4F000D9C4F /* Preview Assets.xcassets in Resources */ = {isa = PBXBuildFile; fileRef = 16A83D762A435D4F000D9C4F /* Preview Assets.xcassets */; };
		16A83D812A435D4F000D9C4F /* Hogevor_ErgerTests.swift in Sources */ = {isa = PBXBuildFile; fileRef = 16A83D802A435D4F000D9C4F /* Hogevor_ErgerTests.swift */; };
		16A83D8B2A435D4F000D9C4F /* Hogevor_ErgerUITests.swift in Sources */ = {isa = PBXBuildFile; fileRef = 16A83D8A2A435D4F000D9C4F /* Hogevor_ErgerUITests.swift */; };
		16A83D8D2A435D4F000D9C4F /* Hogevor_ErgerUITestsLaunchTests.swift in Sources */ = {isa = PBXBuildFile; fileRef = 16A83D8C2A435D4F000D9C4F /* Hogevor_ErgerUITestsLaunchTests.swift */; };
		16A83D9C2A4361AB000D9C4F /* songs in Resources */ = {isa = PBXBuildFile; fileRef = 16A83D9B2A4361AA000D9C4F /* songs */; };
/* End PBXBuildFile section */

/* Begin PBXContainerItemProxy section */
		16A83D7D2A435D4F000D9C4F /* PBXContainerItemProxy */ = {
			isa = PBXContainerItemProxy;
			containerPortal = 16A83D642A435D4D000D9C4F /* Project object */;
			proxyType = 1;
			remoteGlobalIDString = 16A83D6B2A435D4D000D9C4F;
			remoteInfo = "Hogevor Erger";
		};
		16A83D872A435D4F000D9C4F /* PBXContainerItemProxy */ = {
			isa = PBXContainerItemProxy;
			containerPortal = 16A83D642A435D4D000D9C4F /* Project object */;
			proxyType = 1;
			remoteGlobalIDString = 16A83D6B2A435D4D000D9C4F;
			remoteInfo = "Hogevor Erger";
		};
/* End PBXContainerItemProxy section */

/* Begin PBXFileReference section */
		16A83D6C2A435D4D000D9C4F /* Hogevor Ergaran.app */ = {isa = PBXFileReference; explicitFileType = wrapper.application; includeInIndex = 0; path = "Hogevor Ergaran.app"; sourceTree = BUILT_PRODUCTS_DIR; };
		16A83D6F2A435D4D000D9C4F /* Hogevor_ErgerApp.swift */ = {isa = PBXFileReference; lastKnownFileType = sourcecode.swift; path = Hogevor_ErgerApp.swift; sourceTree = "<group>"; };
		16A83D712A435D4D000D9C4F /* ContentView.swift */ = {isa = PBXFileReference; lastKnownFileType = sourcecode.swift; path = ContentView.swift; sourceTree = "<group>"; };
		16A83D732A435D4F000D9C4F /* Assets.xcassets */ = {isa = PBXFileReference; lastKnownFileType = folder.assetcatalog; path = Assets.xcassets; sourceTree = "<group>"; };
		16A83D762A435D4F000D9C4F /* Preview Assets.xcassets */ = {isa = PBXFileReference; lastKnownFileType = folder.assetcatalog; path = "Preview Assets.xcassets"; sourceTree = "<group>"; };
		16A83D7C2A435D4F000D9C4F /* Hogevor ErgerTests.xctest */ = {isa = PBXFileReference; explicitFileType = wrapper.cfbundle; includeInIndex = 0; path = "Hogevor ErgerTests.xctest"; sourceTree = BUILT_PRODUCTS_DIR; };
		16A83D802A435D4F000D9C4F /* Hogevor_ErgerTests.swift */ = {isa = PBXFileReference; lastKnownFileType = sourcecode.swift; path = Hogevor_ErgerTests.swift; sourceTree = "<group>"; };
		16A83D862A435D4F000D9C4F /* Hogevor ErgerUITests.xctest */ = {isa = PBXFileReference; explicitFileType = wrapper.cfbundle; includeInIndex = 0; path = "Hogevor ErgerUITests.xctest"; sourceTree = BUILT_PRODUCTS_DIR; };
		16A83D8A2A435D4F000D9C4F /* Hogevor_ErgerUITests.swift */ = {isa = PBXFileReference; lastKnownFileType = sourcecode.swift; path = Hogevor_ErgerUITests.swift; sourceTree = "<group>"; };
		16A83D8C2A435D4F000D9C4F /* Hogevor_ErgerUITestsLaunchTests.swift */ = {isa = PBXFileReference; lastKnownFileType = sourcecode.swift; path = Hogevor_ErgerUITestsLaunchTests.swift; sourceTree = "<group>"; };
		16A83D9B2A4361AA000D9C4F /* songs */ = {isa = PBXFileReference; lastKnownFileType = folder; path = songs; sourceTree = "<group>"; };
/* End PBXFileReference section */

/* Begin PBXFrameworksBuildPhase section */
		16A83D692A435D4D000D9C4F /* Frameworks */ = {
			isa = PBXFrameworksBuildPhase;
			buildActionMask = 2147483647;
			files = (
			);
			runOnlyForDeploymentPostprocessing = 0;
		};
		16A83D792A435D4F000D9C4F /* Frameworks */ = {
			isa = PBXFrameworksBuildPhase;
			buildActionMask = 2147483647;
			files = (
			);
			runOnlyForDeploymentPostprocessing = 0;
		};
		16A83D832A435D4F000D9C4F /* Frameworks */ = {
			isa = PBXFrameworksBuildPhase;
			buildActionMask = 2147483647;
			files = (
			);
			runOnlyForDeploymentPostprocessing = 0;
		};
/* End PBXFrameworksBuildPhase section */

/* Begin PBXGroup section */
		16A83D632A435D4D000D9C4F = {
			isa = PBXGroup;
			children = (
				16A83D6E2A435D4D000D9C4F /* Hogevor Erger */,
				16A83D7F2A435D4F000D9C4F /* Hogevor ErgerTests */,
				16A83D892A435D4F000D9C4F /* Hogevor ErgerUITests */,
				16A83D6D2A435D4D000D9C4F /* Products */,
			);
			sourceTree = "<group>";
		};
		16A83D6D2A435D4D000D9C4F /* Products */ = {
			isa = PBXGroup;
			children = (
				16A83D6C2A435D4D000D9C4F /* Hogevor Ergaran.app */,
				16A83D7C2A435D4F000D9C4F /* Hogevor ErgerTests.xctest */,
				16A83D862A435D4F000D9C4F /* Hogevor ErgerUITests.xctest */,
			);
			name = Products;
			sourceTree = "<group>";
		};
		16A83D6E2A435D4D000D9C4F /* Hogevor Erger */ = {
			isa = PBXGroup;
			children = (
				16A83D6F2A435D4D000D9C4F /* Hogevor_ErgerApp.swift */,
				16A83D712A435D4D000D9C4F /* ContentView.swift */,
				16A83D9B2A4361AA000D9C4F /* songs */,
				16A83D732A435D4F000D9C4F /* Assets.xcassets */,
				16A83D752A435D4F000D9C4F /* Preview Content */,
			);
			path = "Hogevor Erger";
			sourceTree = "<group>";
		};
		16A83D752A435D4F000D9C4F /* Preview Content */ = {
			isa = PBXGroup;
			children = (
				16A83D762A435D4F000D9C4F /* Preview Assets.xcassets */,
			);
			path = "Preview Content";
			sourceTree = "<group>";
		};
		16A83D7F2A435D4F000D9C4F /* Hogevor ErgerTests */ = {
			isa = PBXGroup;
			children = (
				16A83D802A435D4F000D9C4F /* Hogevor_ErgerTests.swift */,
			);
			path = "Hogevor ErgerTests";
			sourceTree = "<group>";
		};
		16A83D892A435D4F000D9C4F /* Hogevor ErgerUITests */ = {
			isa = PBXGroup;
			children = (
				16A83D8A2A435D4F000D9C4F /* Hogevor_ErgerUITests.swift */,
				16A83D8C2A435D4F000D9C4F /* Hogevor_ErgerUITestsLaunchTests.swift */,
			);
			path = "Hogevor ErgerUITests";
			sourceTree = "<group>";
		};
/* End PBXGroup section */

/* Begin PBXNativeTarget section */
		16A83D6B2A435D4D000D9C4F /* Hogevor Ergaran */ = {
			isa = PBXNativeTarget;
			buildConfigurationList = 16A83D902A435D4F000D9C4F /* Build configuration list for PBXNativeTarget "Hogevor Ergaran" */;
			buildPhases = (
				16A83D682A435D4D000D9C4F /* Sources */,
				16A83D692A435D4D000D9C4F /* Frameworks */,
				16A83D6A2A435D4D000D9C4F /* Resources */,
			);
			buildRules = (
			);
			dependencies = (
			);
			name = "Hogevor Ergaran";
			productName = "Hogevor Erger";
			productReference = 16A83D6C2A435D4D000D9C4F /* Hogevor Ergaran.app */;
			productType = "com.apple.product-type.application";
		};
		16A83D7B2A435D4F000D9C4F /* Hogevor ErgerTests */ = {
			isa = PBXNativeTarget;
			buildConfigurationList = 16A83D932A435D4F000D9C4F /* Build configuration list for PBXNativeTarget "Hogevor ErgerTests" */;
			buildPhases = (
				16A83D782A435D4F000D9C4F /* Sources */,
				16A83D792A435D4F000D9C4F /* Frameworks */,
				16A83D7A2A435D4F000D9C4F /* Resources */,
			);
			buildRules = (
			);
			dependencies = (
				16A83D7E2A435D4F000D9C4F /* PBXTargetDependency */,
			);
			name = "Hogevor ErgerTests";
			productName = "Hogevor ErgerTests";
			productReference = 16A83D7C2A435D4F000D9C4F /* Hogevor ErgerTests.xctest */;
			productType = "com.apple.product-type.bundle.unit-test";
		};
		16A83D852A435D4F000D9C4F /* Hogevor ErgerUITests */ = {
			isa = PBXNativeTarget;
			buildConfigurationList = 16A83D962A435D4F000D9C4F /* Build configuration list for PBXNativeTarget "Hogevor ErgerUITests" */;
			buildPhases = (
				16A83D822A435D4F000D9C4F /* Sources */,
				16A83D832A435D4F000D9C4F /* Frameworks */,
				16A83D842A435D4F000D9C4F /* Resources */,
			);
			buildRules = (
			);
			dependencies = (
				16A83D882A435D4F000D9C4F /* PBXTargetDependency */,
			);
			name = "Hogevor ErgerUITests";
			productName = "Hogevor ErgerUITests";
			productReference = 16A83D862A435D4F000D9C4F /* Hogevor ErgerUITests.xctest */;
			productType = "com.apple.product-type.bundle.ui-testing";
		};
/* End PBXNativeTarget section */

/* Begin PBXProject section */
		16A83D642A435D4D000D9C4F /* Project object */ = {
			isa = PBXProject;
			attributes = {
				BuildIndependentTargetsInParallel = 1;
				LastSwiftUpdateCheck = 1430;
				LastUpgradeCheck = 1430;
				TargetAttributes = {
					16A83D6B2A435D4D000D9C4F = {
						CreatedOnToolsVersion = 14.3;
					};
					16A83D7B2A435D4F000D9C4F = {
						CreatedOnToolsVersion = 14.3;
						TestTargetID = 16A83D6B2A435D4D000D9C4F;
					};
					16A83D852A435D4F000D9C4F = {
						CreatedOnToolsVersion = 14.3;
						TestTargetID = 16A83D6B2A435D4D000D9C4F;
					};
				};
			};
			buildConfigurationList = 16A83D672A435D4D000D9C4F /* Build configuration list for PBXProject "Hogevor Erger" */;
			compatibilityVersion = "Xcode 14.0";
			developmentRegion = en;
			hasScannedForEncodings = 0;
			knownRegions = (
				en,
				Base,
			);
			mainGroup = 16A83D632A435D4D000D9C4F;
			productRefGroup = 16A83D6D2A435D4D000D9C4F /* Products */;
			projectDirPath = "";
			projectRoot = "";
			targets = (
				16A83D6B2A435D4D000D9C4F /* Hogevor Ergaran */,
				16A83D7B2A435D4F000D9C4F /* Hogevor ErgerTests */,
				16A83D852A435D4F000D9C4F /* Hogevor ErgerUITests */,
			);
		};
/* End PBXProject section */

/* Begin PBXResourcesBuildPhase section */
		16A83D6A2A435D4D000D9C4F /* Resources */ = {
			isa = PBXResourcesBuildPhase;
			buildActionMask = 2147483647;
			files = (
				16A83D9C2A4361AB000D9C4F /* songs in Resources */,
				16A83D772A435D4F000D9C4F /* Preview Assets.xcassets in Resources */,
				16A83D742A435D4F000D9C4F /* Assets.xcassets in Resources */,
			);
			runOnlyForDeploymentPostprocessing = 0;
		};
		16A83D7A2A435D4F000D9C4F /* Resources */ = {
			isa = PBXResourcesBuildPhase;
			buildActionMask = 2147483647;
			files = (
			);
			runOnlyForDeploymentPostprocessing = 0;
		};
		16A83D842A435D4F000D9C4F /* Resources */ = {
			isa = PBXResourcesBuildPhase;
			buildActionMask = 2147483647;
			files = (
			);
			runOnlyForDeploymentPostprocessing = 0;
		};
/* End PBXResourcesBuildPhase section */

/* Begin PBXSourcesBuildPhase section */
		16A83D682A435D4D000D9C4F /* Sources */ = {
			isa = PBXSourcesBuildPhase;
			buildActionMask = 2147483647;
			files = (
				16A83D722A435D4D000D9C4F /* ContentView.swift in Sources */,
				16A83D702A435D4D000D9C4F /* Hogevor_ErgerApp.swift in Sources */,
			);
			runOnlyForDeploymentPostprocessing = 0;
		};
		16A83D782A435D4F000D9C4F /* Sources */ = {
			isa = PBXSourcesBuildPhase;
			buildActionMask = 2147483647;
			files = (
				16A83D812A435D4F000D9C4F /* Hogevor_ErgerTests.swift in Sources */,
			);
			runOnlyForDeploymentPostprocessing = 0;
		};
		16A83D822A435D4F000D9C4F /* Sources */ = {
			isa = PBXSourcesBuildPhase;
			buildActionMask = 2147483647;
			files = (
				16A83D8B2A435D4F000D9C4F /* Hogevor_ErgerUITests.swift in Sources */,
				16A83D8D2A435D4F000D9C4F /* Hogevor_ErgerUITestsLaunchTests.swift in Sources */,
			);
			runOnlyForDeploymentPostprocessing = 0;
		};
/* End PBXSourcesBuildPhase section */

/* Begin PBXTargetDependency section */
		16A83D7E2A435D4F000D9C4F /* PBXTargetDependency */ = {
			isa = PBXTargetDependency;
			target = 16A83D6B2A435D4D000D9C4F /* Hogevor Ergaran */;
			targetProxy = 16A83D7D2A435D4F000D9C4F /* PBXContainerItemProxy */;
		};
		16A83D882A435D4F000D9C4F /* PBXTargetDependency */ = {
			isa = PBXTargetDependency;
			target = 16A83D6B2A435D4D000D9C4F /* Hogevor Ergaran */;
			targetProxy = 16A83D872A435D4F000D9C4F /* PBXContainerItemProxy */;
		};
/* End PBXTargetDependency section */

/* Begin XCBuildConfiguration section */
		16A83D8E2A435D4F000D9C4F /* Debug */ = {
			isa = XCBuildConfiguration;
			buildSettings = {
				ALWAYS_SEARCH_USER_PATHS = NO;
				CLANG_ANALYZER_NONNULL = YES;
				CLANG_ANALYZER_NUMBER_OBJECT_CONVERSION = YES_AGGRESSIVE;
				CLANG_CXX_LANGUAGE_STANDARD = "gnu++20";
				CLANG_ENABLE_MODULES = YES;
				CLANG_ENABLE_OBJC_ARC = YES;
				CLANG_ENABLE_OBJC_WEAK = YES;
				CLANG_WARN_BLOCK_CAPTURE_AUTORELEASING = YES;
				CLANG_WARN_BOOL_CONVERSION = YES;
				CLANG_WARN_COMMA = YES;
				CLANG_WARN_CONSTANT_CONVERSION = YES;
				CLANG_WARN_DEPRECATED_OBJC_IMPLEMENTATIONS = YES;
				CLANG_WARN_DIRECT_OBJC_ISA_USAGE = YES_ERROR;
				CLANG_WARN_DOCUMENTATION_COMMENTS = YES;
				CLANG_WARN_EMPTY_BODY = YES;
				CLANG_WARN_ENUM_CONVERSION = YES;
				CLANG_WARN_INFINITE_RECURSION = YES;
				CLANG_WARN_INT_CONVERSION = YES;
				CLANG_WARN_NON_LITERAL_NULL_CONVERSION = YES;
				CLANG_WARN_OBJC_IMPLICIT_RETAIN_SELF = YES;
				CLANG_WARN_OBJC_LITERAL_CONVERSION = YES;
				CLANG_WARN_OBJC_ROOT_CLASS = YES_ERROR;
				CLANG_WARN_QUOTED_INCLUDE_IN_FRAMEWORK_HEADER = YES;
				CLANG_WARN_RANGE_LOOP_ANALYSIS = YES;
				CLANG_WARN_STRICT_PROTOTYPES = YES;
				CLANG_WARN_SUSPICIOUS_MOVE = YES;
				CLANG_WARN_UNGUARDED_AVAILABILITY = YES_AGGRESSIVE;
				CLANG_WARN_UNREACHABLE_CODE = YES;
				CLANG_WARN__DUPLICATE_METHOD_MATCH = YES;
				COPY_PHASE_STRIP = NO;
				DEBUG_INFORMATION_FORMAT = dwarf;
				ENABLE_STRICT_OBJC_MSGSEND = YES;
				ENABLE_TESTABILITY = YES;
				GCC_C_LANGUAGE_STANDARD = gnu11;
				GCC_DYNAMIC_NO_PIC = NO;
				GCC_NO_COMMON_BLOCKS = YES;
				GCC_OPTIMIZATION_LEVEL = 0;
				GCC_PREPROCESSOR_DEFINITIONS = (
					"DEBUG=1",
					"$(inherited)",
				);
				GCC_WARN_64_TO_32_BIT_CONVERSION = YES;
				GCC_WARN_ABOUT_RETURN_TYPE = YES_ERROR;
				GCC_WARN_UNDECLARED_SELECTOR = YES;
				GCC_WARN_UNINITIALIZED_AUTOS = YES_AGGRESSIVE;
				GCC_WARN_UNUSED_FUNCTION = YES;
				GCC_WARN_UNUSED_VARIABLE = YES;
				IPHONEOS_DEPLOYMENT_TARGET = 16.4;
				MTL_ENABLE_DEBUG_INFO = INCLUDE_SOURCE;
				MTL_FAST_MATH = YES;
				ONLY_ACTIVE_ARCH = YES;
				SDKROOT = iphoneos;
				SWIFT_ACTIVE_COMPILATION_CONDITIONS = DEBUG;
				SWIFT_OPTIMIZATION_LEVEL = "-Onone";
			};
			name = Debug;
		};
		16A83D8F2A435D4F000D9C4F /* Release */ = {
			isa = XCBuildConfiguration;
			buildSettings = {
				ALWAYS_SEARCH_USER_PATHS = NO;
				CLANG_ANALYZER_NONNULL = YES;
				CLANG_ANALYZER_NUMBER_OBJECT_CONVERSION = YES_AGGRESSIVE;
				CLANG_CXX_LANGUAGE_STANDARD = "gnu++20";
				CLANG_ENABLE_MODULES = YES;
				CLANG_ENABLE_OBJC_ARC = YES;
				CLANG_ENABLE_OBJC_WEAK = YES;
				CLANG_WARN_BLOCK_CAPTURE_AUTORELEASING = YES;
				CLANG_WARN_BOOL_CONVERSION = YES;
				CLANG_WARN_COMMA = YES;
				CLANG_WARN_CONSTANT_CONVERSION = YES;
				CLANG_WARN_DEPRECATED_OBJC_IMPLEMENTATIONS = YES;
				CLANG_WARN_DIRECT_OBJC_ISA_USAGE = YES_ERROR;
				CLANG_WARN_DOCUMENTATION_COMMENTS = YES;
				CLANG_WARN_EMPTY_BODY = YES;
				CLANG_WARN_ENUM_CONVERSION = YES;
				CLANG_WARN_INFINITE_RECURSION = YES;
				CLANG_WARN_INT_CONVERSION = YES;
				CLANG_WARN_NON_LITERAL_NULL_CONVERSION = YES;
				CLANG_WARN_OBJC_IMPLICIT_RETAIN_SELF = YES;
				CLANG_WARN_OBJC_LITERAL_CONVERSION = YES;
				CLANG_WARN_OBJC_ROOT_CLASS = YES_ERROR;
				CLANG_WARN_QUOTED_INCLUDE_IN_FRAMEWORK_HEADER = YES;
				CLANG_WARN_RANGE_LOOP_ANALYSIS = YES;
				CLANG_WARN_STRICT_PROTOTYPES = YES;
				CLANG_WARN_SUSPICIOUS_MOVE = YES;
				CLANG_WARN_UNGUARDED_AVAILABILITY = YES_AGGRESSIVE;
				CLANG_WARN_UNREACHABLE_CODE = YES;
				CLANG_WARN__DUPLICATE_METHOD_MATCH = YES;
				COPY_PHASE_STRIP = NO;
				DEBUG_INFORMATION_FORMAT = "dwarf-with-dsym";
				ENABLE_NS_ASSERTIONS = NO;
				ENABLE_STRICT_OBJC_MSGSEND = YES;
				GCC_C_LANGUAGE_STANDARD = gnu11;
				GCC_NO_COMMON_BLOCKS = YES;
				GCC_WARN_64_TO_32_BIT_CONVERSION = YES;
				GCC_WARN_ABOUT_RETURN_TYPE = YES_ERROR;
				GCC_WARN_UNDECLARED_SELECTOR = YES;
				GCC_WARN_UNINITIALIZED_AUTOS = YES_AGGRESSIVE;
				GCC_WARN_UNUSED_FUNCTION = YES;
				GCC_WARN_UNUSED_VARIABLE = YES;
				IPHONEOS_DEPLOYMENT_TARGET = 16.4;
				MTL_ENABLE_DEBUG_INFO = NO;
				MTL_FAST_MATH = YES;
				SDKROOT = iphoneos;
				SWIFT_COMPILATION_MODE = wholemodule;
				SWIFT_OPTIMIZATION_LEVEL = "-O";
				VALIDATE_PRODUCT = YES;
			};
			name = Release;
		};
		16A83D912A435D4F000D9C4F /* Debug */ = {
			isa = XCBuildConfiguration;
			buildSettings = {
				ASSETCATALOG_COMPILER_APPICON_NAME = AppIcon;
				ASSETCATALOG_COMPILER_GLOBAL_ACCENT_COLOR_NAME = AccentColor;
				CODE_SIGN_STYLE = Automatic;
				CURRENT_PROJECT_VERSION = 1;
				DEVELOPMENT_ASSET_PATHS = "\"Hogevor Erger/Preview Content\"";
				DEVELOPMENT_TEAM = 7ZD5F6DLML;
				ENABLE_PREVIEWS = YES;
				GENERATE_INFOPLIST_FILE = YES;
				INFOPLIST_KEY_UIApplicationSceneManifest_Generation = YES;
				INFOPLIST_KEY_UIApplicationSupportsIndirectInputEvents = YES;
				INFOPLIST_KEY_UILaunchScreen_Generation = YES;
				INFOPLIST_KEY_UISupportedInterfaceOrientations_iPad = "UIInterfaceOrientationPortrait UIInterfaceOrientationPortraitUpsideDown UIInterfaceOrientationLandscapeLeft UIInterfaceOrientationLandscapeRight";
				INFOPLIST_KEY_UISupportedInterfaceOrientations_iPhone = "UIInterfaceOrientationPortrait UIInterfaceOrientationLandscapeLeft UIInterfaceOrientationLandscapeRight";
				IPHONEOS_DEPLOYMENT_TARGET = 15.0;
				LD_RUNPATH_SEARCH_PATHS = (
					"$(inherited)",
					"@executable_path/Frameworks",
				);
				MARKETING_VERSION = 1.0;
				PRODUCT_BUNDLE_IDENTIFIER = "jaaacob.Hogevor-Erger";
				PRODUCT_NAME = "$(TARGET_NAME)";
				SWIFT_EMIT_LOC_STRINGS = YES;
				SWIFT_VERSION = 5.0;
				TARGETED_DEVICE_FAMILY = "1,2";
			};
			name = Debug;
		};
		16A83D922A435D4F000D9C4F /* Release */ = {
			isa = XCBuildConfiguration;
			buildSettings = {
				ASSETCATALOG_COMPILER_APPICON_NAME = AppIcon;
				ASSETCATALOG_COMPILER_GLOBAL_ACCENT_COLOR_NAME = AccentColor;
				CODE_SIGN_STYLE = Automatic;
				CURRENT_PROJECT_VERSION = 1;
				DEVELOPMENT_ASSET_PATHS = "\"Hogevor Erger/Preview Content\"";
				DEVELOPMENT_TEAM = 7ZD5F6DLML;
				ENABLE_PREVIEWS = YES;
				GENERATE_INFOPLIST_FILE = YES;
				INFOPLIST_KEY_UIApplicationSceneManifest_Generation = YES;
				INFOPLIST_KEY_UIApplicationSupportsIndirectInputEvents = YES;
				INFOPLIST_KEY_UILaunchScreen_Generation = YES;
				INFOPLIST_KEY_UISupportedInterfaceOrientations_iPad = "UIInterfaceOrientationPortrait UIInterfaceOrientationPortraitUpsideDown UIInterfaceOrientationLandscapeLeft UIInterfaceOrientationLandscapeRight";
				INFOPLIST_KEY_UISupportedInterfaceOrientations_iPhone = "UIInterfaceOrientationPortrait UIInterfaceOrientationLandscapeLeft UIInterfaceOrientationLandscapeRight";
				IPHONEOS_DEPLOYMENT_TARGET = 15.0;
				LD_RUNPATH_SEARCH_PATHS = (
					"$(inherited)",
					"@executable_path/Frameworks",
				);
				MARKETING_VERSION = 1.0;
				PRODUCT_BUNDLE_IDENTIFIER = "jaaacob.Hogevor-Erger";
				PRODUCT_NAME = "$(TARGET_NAME)";
				SWIFT_EMIT_LOC_STRINGS = YES;
				SWIFT_VERSION = 5.0;
				TARGETED_DEVICE_FAMILY = "1,2";
			};
			name = Release;
		};
		16A83D942A435D4F000D9C4F /* Debug */ = {
			isa = XCBuildConfiguration;
			buildSettings = {
				ALWAYS_EMBED_SWIFT_STANDARD_LIBRARIES = YES;
				BUNDLE_LOADER = "$(TEST_HOST)";
				CODE_SIGN_STYLE = Automatic;
				CURRENT_PROJECT_VERSION = 1;
				DEVELOPMENT_TEAM = 7ZD5F6DLML;
				GENERATE_INFOPLIST_FILE = YES;
				IPHONEOS_DEPLOYMENT_TARGET = 16.4;
				MARKETING_VERSION = 1.0;
				PRODUCT_BUNDLE_IDENTIFIER = "jaaacob.Hogevor-ErgerTests";
				PRODUCT_NAME = "$(TARGET_NAME)";
				SWIFT_EMIT_LOC_STRINGS = NO;
				SWIFT_VERSION = 5.0;
				TARGETED_DEVICE_FAMILY = "1,2";
				TEST_HOST = "$(BUILT_PRODUCTS_DIR)/Hogevor Erger.app/$(BUNDLE_EXECUTABLE_FOLDER_PATH)/Hogevor Erger";
			};
			name = Debug;
		};
		16A83D952A435D4F000D9C4F /* Release */ = {
			isa = XCBuildConfiguration;
			buildSettings = {
				ALWAYS_EMBED_SWIFT_STANDARD_LIBRARIES = YES;
				BUNDLE_LOADER = "$(TEST_HOST)";
				CODE_SIGN_STYLE = Automatic;
				CURRENT_PROJECT_VERSION = 1;
				DEVELOPMENT_TEAM = 7ZD5F6DLML;
				GENERATE_INFOPLIST_FILE = YES;
				IPHONEOS_DEPLOYMENT_TARGET = 16.4;
				MARKETING_VERSION = 1.0;
				PRODUCT_BUNDLE_IDENTIFIER = "jaaacob.Hogevor-ErgerTests";
				PRODUCT_NAME = "$(TARGET_NAME)";
				SWIFT_EMIT_LOC_STRINGS = NO;
				SWIFT_VERSION = 5.0;
				TARGETED_DEVICE_FAMILY = "1,2";
				TEST_HOST = "$(BUILT_PRODUCTS_DIR)/Hogevor Erger.app/$(BUNDLE_EXECUTABLE_FOLDER_PATH)/Hogevor Erger";
			};
			name = Release;
		};
		16A83D972A435D4F000D9C4F /* Debug */ = {
			isa = XCBuildConfiguration;
			buildSettings = {
				ALWAYS_EMBED_SWIFT_STANDARD_LIBRARIES = YES;
				CODE_SIGN_STYLE = Automatic;
				CURRENT_PROJECT_VERSION = 1;
				DEVELOPMENT_TEAM = 7ZD5F6DLML;
				GENERATE_INFOPLIST_FILE = YES;
				MARKETING_VERSION = 1.0;
				PRODUCT_BUNDLE_IDENTIFIER = "jaaacob.Hogevor-ErgerUITests";
				PRODUCT_NAME = "$(TARGET_NAME)";
				SWIFT_EMIT_LOC_STRINGS = NO;
				SWIFT_VERSION = 5.0;
				TARGETED_DEVICE_FAMILY = "1,2";
				TEST_TARGET_NAME = "Hogevor Erger";
			};
			name = Debug;
		};
		16A83D982A435D4F000D9C4F /* Release */ = {
			isa = XCBuildConfiguration;
			buildSettings = {
				ALWAYS_EMBED_SWIFT_STANDARD_LIBRARIES = YES;
				CODE_SIGN_STYLE = Automatic;
				CURRENT_PROJECT_VERSION = 1;
				DEVELOPMENT_TEAM = 7ZD5F6DLML;
				GENERATE_INFOPLIST_FILE = YES;
				MARKETING_VERSION = 1.0;
				PRODUCT_BUNDLE_IDENTIFIER = "jaaacob.Hogevor-ErgerUITests";
				PRODUCT_NAME = "$(TARGET_NAME)";
				SWIFT_EMIT_LOC_STRINGS = NO;
				SWIFT_VERSION = 5.0;
				TARGETED_DEVICE_FAMILY = "1,2";
				TEST_TARGET_NAME = "Hogevor Erger";
			};
			name = Release;
		};
/* End XCBuildConfiguration section */

/* Begin XCConfigurationList section */
		16A83D672A435D4D000D9C4F /* Build configuration list for PBXProject "Hogevor Erger" */ = {
			isa = XCConfigurationList;
			buildConfigurations = (
				16A83D8E2A435D4F000D9C4F /* Debug */,
				16A83D8F2A435D4F000D9C4F /* Release */,
			);
			defaultConfigurationIsVisible = 0;
			defaultConfigurationName = Release;
		};
		16A83D902A435D4F000D9C4F /* Build configuration list for PBXNativeTarget "Hogevor Ergaran" */ = {
			isa = XCConfigurationList;
			buildConfigurations = (
				16A83D912A435D4F000D9C4F /* Debug */,
				16A83D922A435D4F000D9C4F /* Release */,
			);
			defaultConfigurationIsVisible = 0;
			defaultConfigurationName = Release;
		};
		16A83D932A435D4F000D9C4F /* Build configuration list for PBXNativeTarget "Hogevor ErgerTests" */ = {
			isa = XCConfigurationList;
			buildConfigurations = (
				16A83D942A435D4F000D9C4F /* Debug */,
				16A83D952A435D4F000D9C4F /* Release */,
			);
			defaultConfigurationIsVisible = 0;
			defaultConfigurationName = Release;
		};
		16A83D962A435D4F000D9C4F /* Build configuration list for PBXNativeTarget "Hogevor ErgerUITests" */ = {
			isa = XCConfigurationList;
			buildConfigurations = (
				16A83D972A435D4F000D9C4F /* Debug */,
				16A83D982A435D4F000D9C4F /* Release */,
			);
			defaultConfigurationIsVisible = 0;
			defaultConfigurationName = Release;
		};
/* End XCConfigurationList section */
	};
	rootObject = 16A83D642A435D4D000D9C4F /* Project object */;
}
